{
  "version": "3",
  "packages": {
    "specifiers": {
      "jsr:@luca/esbuild-deno-loader@^0.10.3": "jsr:@luca/esbuild-deno-loader@0.10.3",
      "jsr:@std/assert@^0.213.1": "jsr:@std/assert@0.213.1",
      "jsr:@std/encoding@0.213": "jsr:@std/encoding@0.213.1",
      "jsr:@std/json@^0.213.1": "jsr:@std/json@0.213.1",
      "jsr:@std/jsonc@0.213": "jsr:@std/jsonc@0.213.1",
      "jsr:@std/path@0.213": "jsr:@std/path@0.213.1",
      "npm:@emotion/css@11.11.2": "npm:@emotion/css@11.11.2",
      "npm:esbuild@0.20.2": "npm:esbuild@0.20.2"
    },
    "jsr": {
      "@luca/esbuild-deno-loader@0.10.3": {
        "integrity": "32fc93f7e7f78060234fd5929a740668aab1c742b808c6048b57f9aaea514921",
        "dependencies": [
          "jsr:@std/encoding@0.213",
          "jsr:@std/jsonc@0.213",
          "jsr:@std/path@0.213"
        ]
      },
      "@std/assert@0.213.1": {
        "integrity": "24c28178b30c8e0782c18e8e94ea72b16282207569cdd10ffb9d1d26f2edebfe"
      },
      "@std/encoding@0.213.1": {
        "integrity": "fcbb6928713dde941a18ca5db88ca1544d0755ec8fb20fe61e2dc8144b390c62"
      },
      "@std/json@0.213.1": {
        "integrity": "f572b1de605d07c4a5602445dac54bfc51b1fb87a3710a17aed2608bfca54e68"
      },
      "@std/jsonc@0.213.1": {
        "integrity": "5578f21aa583b7eb7317eed077ffcde47b294f1056bdbb9aacec407758637bfe",
        "dependencies": [
          "jsr:@std/assert@^0.213.1",
          "jsr:@std/json@^0.213.1"
        ]
      },
      "@std/path@0.213.1": {
        "integrity": "f187bf278a172752e02fcbacf6bd78a335ed320d080a7ed3a5a59c3e88abc673",
        "dependencies": [
          "jsr:@std/assert@^0.213.1"
        ]
      }
    },
    "npm": {
      "@babel/code-frame@7.24.2": {
        "integrity": "sha512-y5+tLQyV8pg3fsiln67BVLD1P13Eg4lh5RW9mF0zUuvLrv9uIQ4MCL+CRT+FTsBlBjcIan6PGsLcBN0m3ClUyQ==",
        "dependencies": {
          "@babel/highlight": "@babel/highlight@7.24.2",
          "picocolors": "picocolors@1.0.0"
        }
      },
      "@babel/helper-module-imports@7.24.3": {
        "integrity": "sha512-viKb0F9f2s0BCS22QSF308z/+1YWKV/76mwt61NBzS5izMzDPwdq1pTrzf+Li3npBWX9KdQbkeCt1jSAM7lZqg==",
        "dependencies": {
          "@babel/types": "@babel/types@7.24.0"
        }
      },
      "@babel/helper-string-parser@7.24.1": {
        "integrity": "sha512-2ofRCjnnA9y+wk8b9IAREroeUP02KHp431N2mhKniy2yKIDKpbrHv9eXwm8cBeWQYcJmzv5qKCu65P47eCF7CQ==",
        "dependencies": {}
      },
      "@babel/helper-validator-identifier@7.22.20": {
        "integrity": "sha512-Y4OZ+ytlatR8AI+8KZfKuL5urKp7qey08ha31L8b3BwewJAoJamTzyvxPR/5D+KkdJCGPq/+8TukHBlY10FX9A==",
        "dependencies": {}
      },
      "@babel/highlight@7.24.2": {
        "integrity": "sha512-Yac1ao4flkTxTteCDZLEvdxg2fZfz1v8M4QpaGypq/WPDqg3ijHYbDfs+LG5hvzSoqaSZ9/Z9lKSP3CjZjv+pA==",
        "dependencies": {
          "@babel/helper-validator-identifier": "@babel/helper-validator-identifier@7.22.20",
          "chalk": "chalk@2.4.2",
          "js-tokens": "js-tokens@4.0.0",
          "picocolors": "picocolors@1.0.0"
        }
      },
      "@babel/runtime@7.24.1": {
        "integrity": "sha512-+BIznRzyqBf+2wCTxcKE3wDjfGeCoVE61KSHGpkzqrLi8qxqFwBeUFyId2cxkTmm55fzDGnm0+yCxaxygrLUnQ==",
        "dependencies": {
          "regenerator-runtime": "regenerator-runtime@0.14.1"
        }
      },
      "@babel/types@7.24.0": {
        "integrity": "sha512-+j7a5c253RfKh8iABBhywc8NSfP5LURe7Uh4qpsh6jc+aLJguvmIUBdjSdEMQv2bENrCR5MfRdjGo7vzS/ob7w==",
        "dependencies": {
          "@babel/helper-string-parser": "@babel/helper-string-parser@7.24.1",
          "@babel/helper-validator-identifier": "@babel/helper-validator-identifier@7.22.20",
          "to-fast-properties": "to-fast-properties@2.0.0"
        }
      },
      "@emotion/babel-plugin@11.11.0": {
        "integrity": "sha512-m4HEDZleaaCH+XgDDsPF15Ht6wTLsgDTeR3WYj9Q/k76JtWhrJjcP4+/XlG8LGT/Rol9qUfOIztXeA84ATpqPQ==",
        "dependencies": {
          "@babel/helper-module-imports": "@babel/helper-module-imports@7.24.3",
          "@babel/runtime": "@babel/runtime@7.24.1",
          "@emotion/hash": "@emotion/hash@0.9.1",
          "@emotion/memoize": "@emotion/memoize@0.8.1",
          "@emotion/serialize": "@emotion/serialize@1.1.3",
          "babel-plugin-macros": "babel-plugin-macros@3.1.0",
          "convert-source-map": "convert-source-map@1.9.0",
          "escape-string-regexp": "escape-string-regexp@4.0.0",
          "find-root": "find-root@1.1.0",
          "source-map": "source-map@0.5.7",
          "stylis": "stylis@4.2.0"
        }
      },
      "@emotion/cache@11.11.0": {
        "integrity": "sha512-P34z9ssTCBi3e9EI1ZsWpNHcfY1r09ZO0rZbRO2ob3ZQMnFI35jB536qoXbkdesr5EUhYi22anuEJuyxifaqAQ==",
        "dependencies": {
          "@emotion/memoize": "@emotion/memoize@0.8.1",
          "@emotion/sheet": "@emotion/sheet@1.2.2",
          "@emotion/utils": "@emotion/utils@1.2.1",
          "@emotion/weak-memoize": "@emotion/weak-memoize@0.3.1",
          "stylis": "stylis@4.2.0"
        }
      },
      "@emotion/css@11.11.2": {
        "integrity": "sha512-VJxe1ucoMYMS7DkiMdC2T7PWNbrEI0a39YRiyDvK2qq4lXwjRbVP/z4lpG+odCsRzadlR+1ywwrTzhdm5HNdew==",
        "dependencies": {
          "@emotion/babel-plugin": "@emotion/babel-plugin@11.11.0",
          "@emotion/cache": "@emotion/cache@11.11.0",
          "@emotion/serialize": "@emotion/serialize@1.1.3",
          "@emotion/sheet": "@emotion/sheet@1.2.2",
          "@emotion/utils": "@emotion/utils@1.2.1"
        }
      },
      "@emotion/hash@0.9.1": {
        "integrity": "sha512-gJB6HLm5rYwSLI6PQa+X1t5CFGrv1J1TWG+sOyMCeKz2ojaj6Fnl/rZEspogG+cvqbt4AE/2eIyD2QfLKTBNlQ==",
        "dependencies": {}
      },
      "@emotion/memoize@0.8.1": {
        "integrity": "sha512-W2P2c/VRW1/1tLox0mVUalvnWXxavmv/Oum2aPsRcoDJuob75FC3Y8FbpfLwUegRcxINtGUMPq0tFCvYNTBXNA==",
        "dependencies": {}
      },
      "@emotion/serialize@1.1.3": {
        "integrity": "sha512-iD4D6QVZFDhcbH0RAG1uVu1CwVLMWUkCvAqqlewO/rxf8+87yIBAlt4+AxMiiKPLs5hFc0owNk/sLLAOROw3cA==",
        "dependencies": {
          "@emotion/hash": "@emotion/hash@0.9.1",
          "@emotion/memoize": "@emotion/memoize@0.8.1",
          "@emotion/unitless": "@emotion/unitless@0.8.1",
          "@emotion/utils": "@emotion/utils@1.2.1",
          "csstype": "csstype@3.1.3"
        }
      },
      "@emotion/sheet@1.2.2": {
        "integrity": "sha512-0QBtGvaqtWi+nx6doRwDdBIzhNdZrXUppvTM4dtZZWEGTXL/XE/yJxLMGlDT1Gt+UHH5IX1n+jkXyytE/av7OA==",
        "dependencies": {}
      },
      "@emotion/unitless@0.8.1": {
        "integrity": "sha512-KOEGMu6dmJZtpadb476IsZBclKvILjopjUii3V+7MnXIQCYh8W3NgNcgwo21n9LXZX6EDIKvqfjYxXebDwxKmQ==",
        "dependencies": {}
      },
      "@emotion/utils@1.2.1": {
        "integrity": "sha512-Y2tGf3I+XVnajdItskUCn6LX+VUDmP6lTL4fcqsXAv43dnlbZiuW4MWQW38rW/BVWSE7Q/7+XQocmpnRYILUmg==",
        "dependencies": {}
      },
      "@emotion/weak-memoize@0.3.1": {
        "integrity": "sha512-EsBwpc7hBUJWAsNPBmJy4hxWx12v6bshQsldrVmjxJoc3isbxhOrF2IcCpaXxfvq03NwkI7sbsOLXbYuqF/8Ww==",
        "dependencies": {}
      },
      "@esbuild/aix-ppc64@0.20.2": {
        "integrity": "sha512-D+EBOJHXdNZcLJRBkhENNG8Wji2kgc9AZ9KiPr1JuZjsNtyHzrsfLRrY0tk2H2aoFu6RANO1y1iPPUCDYWkb5g==",
        "dependencies": {}
      },
      "@esbuild/android-arm64@0.20.2": {
        "integrity": "sha512-mRzjLacRtl/tWU0SvD8lUEwb61yP9cqQo6noDZP/O8VkwafSYwZ4yWy24kan8jE/IMERpYncRt2dw438LP3Xmg==",
        "dependencies": {}
      },
      "@esbuild/android-arm@0.20.2": {
        "integrity": "sha512-t98Ra6pw2VaDhqNWO2Oph2LXbz/EJcnLmKLGBJwEwXX/JAN83Fym1rU8l0JUWK6HkIbWONCSSatf4sf2NBRx/w==",
        "dependencies": {}
      },
      "@esbuild/android-x64@0.20.2": {
        "integrity": "sha512-btzExgV+/lMGDDa194CcUQm53ncxzeBrWJcncOBxuC6ndBkKxnHdFJn86mCIgTELsooUmwUm9FkhSp5HYu00Rg==",
        "dependencies": {}
      },
      "@esbuild/darwin-arm64@0.20.2": {
        "integrity": "sha512-4J6IRT+10J3aJH3l1yzEg9y3wkTDgDk7TSDFX+wKFiWjqWp/iCfLIYzGyasx9l0SAFPT1HwSCR+0w/h1ES/MjA==",
        "dependencies": {}
      },
      "@esbuild/darwin-x64@0.20.2": {
        "integrity": "sha512-tBcXp9KNphnNH0dfhv8KYkZhjc+H3XBkF5DKtswJblV7KlT9EI2+jeA8DgBjp908WEuYll6pF+UStUCfEpdysA==",
        "dependencies": {}
      },
      "@esbuild/freebsd-arm64@0.20.2": {
        "integrity": "sha512-d3qI41G4SuLiCGCFGUrKsSeTXyWG6yem1KcGZVS+3FYlYhtNoNgYrWcvkOoaqMhwXSMrZRl69ArHsGJ9mYdbbw==",
        "dependencies": {}
      },
      "@esbuild/freebsd-x64@0.20.2": {
        "integrity": "sha512-d+DipyvHRuqEeM5zDivKV1KuXn9WeRX6vqSqIDgwIfPQtwMP4jaDsQsDncjTDDsExT4lR/91OLjRo8bmC1e+Cw==",
        "dependencies": {}
      },
      "@esbuild/linux-arm64@0.20.2": {
        "integrity": "sha512-9pb6rBjGvTFNira2FLIWqDk/uaf42sSyLE8j1rnUpuzsODBq7FvpwHYZxQ/It/8b+QOS1RYfqgGFNLRI+qlq2A==",
        "dependencies": {}
      },
      "@esbuild/linux-arm@0.20.2": {
        "integrity": "sha512-VhLPeR8HTMPccbuWWcEUD1Az68TqaTYyj6nfE4QByZIQEQVWBB8vup8PpR7y1QHL3CpcF6xd5WVBU/+SBEvGTg==",
        "dependencies": {}
      },
      "@esbuild/linux-ia32@0.20.2": {
        "integrity": "sha512-o10utieEkNPFDZFQm9CoP7Tvb33UutoJqg3qKf1PWVeeJhJw0Q347PxMvBgVVFgouYLGIhFYG0UGdBumROyiig==",
        "dependencies": {}
      },
      "@esbuild/linux-loong64@0.20.2": {
        "integrity": "sha512-PR7sp6R/UC4CFVomVINKJ80pMFlfDfMQMYynX7t1tNTeivQ6XdX5r2XovMmha/VjR1YN/HgHWsVcTRIMkymrgQ==",
        "dependencies": {}
      },
      "@esbuild/linux-mips64el@0.20.2": {
        "integrity": "sha512-4BlTqeutE/KnOiTG5Y6Sb/Hw6hsBOZapOVF6njAESHInhlQAghVVZL1ZpIctBOoTFbQyGW+LsVYZ8lSSB3wkjA==",
        "dependencies": {}
      },
      "@esbuild/linux-ppc64@0.20.2": {
        "integrity": "sha512-rD3KsaDprDcfajSKdn25ooz5J5/fWBylaaXkuotBDGnMnDP1Uv5DLAN/45qfnf3JDYyJv/ytGHQaziHUdyzaAg==",
        "dependencies": {}
      },
      "@esbuild/linux-riscv64@0.20.2": {
        "integrity": "sha512-snwmBKacKmwTMmhLlz/3aH1Q9T8v45bKYGE3j26TsaOVtjIag4wLfWSiZykXzXuE1kbCE+zJRmwp+ZbIHinnVg==",
        "dependencies": {}
      },
      "@esbuild/linux-s390x@0.20.2": {
        "integrity": "sha512-wcWISOobRWNm3cezm5HOZcYz1sKoHLd8VL1dl309DiixxVFoFe/o8HnwuIwn6sXre88Nwj+VwZUvJf4AFxkyrQ==",
        "dependencies": {}
      },
      "@esbuild/linux-x64@0.20.2": {
        "integrity": "sha512-1MdwI6OOTsfQfek8sLwgyjOXAu+wKhLEoaOLTjbijk6E2WONYpH9ZU2mNtR+lZ2B4uwr+usqGuVfFT9tMtGvGw==",
        "dependencies": {}
      },
      "@esbuild/netbsd-x64@0.20.2": {
        "integrity": "sha512-K8/DhBxcVQkzYc43yJXDSyjlFeHQJBiowJ0uVL6Tor3jGQfSGHNNJcWxNbOI8v5k82prYqzPuwkzHt3J1T1iZQ==",
        "dependencies": {}
      },
      "@esbuild/openbsd-x64@0.20.2": {
        "integrity": "sha512-eMpKlV0SThJmmJgiVyN9jTPJ2VBPquf6Kt/nAoo6DgHAoN57K15ZghiHaMvqjCye/uU4X5u3YSMgVBI1h3vKrQ==",
        "dependencies": {}
      },
      "@esbuild/sunos-x64@0.20.2": {
        "integrity": "sha512-2UyFtRC6cXLyejf/YEld4Hajo7UHILetzE1vsRcGL3earZEW77JxrFjH4Ez2qaTiEfMgAXxfAZCm1fvM/G/o8w==",
        "dependencies": {}
      },
      "@esbuild/win32-arm64@0.20.2": {
        "integrity": "sha512-GRibxoawM9ZCnDxnP3usoUDO9vUkpAxIIZ6GQI+IlVmr5kP3zUq+l17xELTHMWTWzjxa2guPNyrpq1GWmPvcGQ==",
        "dependencies": {}
      },
      "@esbuild/win32-ia32@0.20.2": {
        "integrity": "sha512-HfLOfn9YWmkSKRQqovpnITazdtquEW8/SoHW7pWpuEeguaZI4QnCRW6b+oZTztdBnZOS2hqJ6im/D5cPzBTTlQ==",
        "dependencies": {}
      },
      "@esbuild/win32-x64@0.20.2": {
        "integrity": "sha512-N49X4lJX27+l9jbLKSqZ6bKNjzQvHaT8IIFUy+YIqmXQdjYCToGWwOItDrfby14c78aDd5NHQl29xingXfCdLQ==",
        "dependencies": {}
      },
      "@types/parse-json@4.0.2": {
        "integrity": "sha512-dISoDXWWQwUquiKsyZ4Ng+HX2KsPL7LyHKHQwgGFEA3IaKac4Obd+h2a/a6waisAoepJlBcx9paWqjA8/HVjCw==",
        "dependencies": {}
      },
      "ansi-styles@3.2.1": {
        "integrity": "sha512-VT0ZI6kZRdTh8YyJw3SMbYm/u+NqfsAxEpWO0Pf9sq8/e94WxxOpPKx9FR1FlyCtOVDNOQ+8ntlqFxiRc+r5qA==",
        "dependencies": {
          "color-convert": "color-convert@1.9.3"
        }
      },
      "babel-plugin-macros@3.1.0": {
        "integrity": "sha512-Cg7TFGpIr01vOQNODXOOaGz2NpCU5gl8x1qJFbb6hbZxR7XrcE2vtbAsTAbJ7/xwJtUuJEw8K8Zr/AE0LHlesg==",
        "dependencies": {
          "@babel/runtime": "@babel/runtime@7.24.1",
          "cosmiconfig": "cosmiconfig@7.1.0",
          "resolve": "resolve@1.22.8"
        }
      },
      "callsites@3.1.0": {
        "integrity": "sha512-P8BjAsXvZS+VIDUI11hHCQEv74YT67YUi5JJFNWIqL235sBmjX4+qx9Muvls5ivyNENctx46xQLQ3aTuE7ssaQ==",
        "dependencies": {}
      },
      "chalk@2.4.2": {
        "integrity": "sha512-Mti+f9lpJNcwF4tWV8/OrTTtF1gZi+f8FqlyAdouralcFWFQWF2+NgCHShjkCb+IFBLq9buZwE1xckQU4peSuQ==",
        "dependencies": {
          "ansi-styles": "ansi-styles@3.2.1",
          "escape-string-regexp": "escape-string-regexp@1.0.5",
          "supports-color": "supports-color@5.5.0"
        }
      },
      "color-convert@1.9.3": {
        "integrity": "sha512-QfAUtd+vFdAtFQcC8CCyYt1fYWxSqAiK2cSD6zDB8N3cpsEBAvRxp9zOGg6G/SHHJYAT88/az/IuDGALsNVbGg==",
        "dependencies": {
          "color-name": "color-name@1.1.3"
        }
      },
      "color-name@1.1.3": {
        "integrity": "sha512-72fSenhMw2HZMTVHeCA9KCmpEIbzWiQsjN+BHcBbS9vr1mtt+vJjPdksIBNUmKAW8TFUDPJK5SUU3QhE9NEXDw==",
        "dependencies": {}
      },
      "convert-source-map@1.9.0": {
        "integrity": "sha512-ASFBup0Mz1uyiIjANan1jzLQami9z1PoYSZCiiYW2FczPbenXc45FZdBZLzOT+r6+iciuEModtmCti+hjaAk0A==",
        "dependencies": {}
      },
      "cosmiconfig@7.1.0": {
        "integrity": "sha512-AdmX6xUzdNASswsFtmwSt7Vj8po9IuqXm0UXz7QKPuEUmPB4XyjGfaAr2PSuELMwkRMVH1EpIkX5bTZGRB3eCA==",
        "dependencies": {
          "@types/parse-json": "@types/parse-json@4.0.2",
          "import-fresh": "import-fresh@3.3.0",
          "parse-json": "parse-json@5.2.0",
          "path-type": "path-type@4.0.0",
          "yaml": "yaml@1.10.2"
        }
      },
      "csstype@3.1.3": {
        "integrity": "sha512-M1uQkMl8rQK/szD0LNhtqxIPLpimGm8sOBwU7lLnCpSbTyY3yeU1Vc7l4KT5zT4s/yOxHH5O7tIuuLOCnLADRw==",
        "dependencies": {}
      },
      "error-ex@1.3.2": {
        "integrity": "sha512-7dFHNmqeFSEt2ZBsCriorKnn3Z2pj+fd9kmI6QoWw4//DL+icEBfc0U7qJCisqrTsKTjw4fNFy2pW9OqStD84g==",
        "dependencies": {
          "is-arrayish": "is-arrayish@0.2.1"
        }
      },
      "esbuild@0.20.2": {
        "integrity": "sha512-WdOOppmUNU+IbZ0PaDiTst80zjnrOkyJNHoKupIcVyU8Lvla3Ugx94VzkQ32Ijqd7UhHJy75gNWDMUekcrSJ6g==",
        "dependencies": {
          "@esbuild/aix-ppc64": "@esbuild/aix-ppc64@0.20.2",
          "@esbuild/android-arm": "@esbuild/android-arm@0.20.2",
          "@esbuild/android-arm64": "@esbuild/android-arm64@0.20.2",
          "@esbuild/android-x64": "@esbuild/android-x64@0.20.2",
          "@esbuild/darwin-arm64": "@esbuild/darwin-arm64@0.20.2",
          "@esbuild/darwin-x64": "@esbuild/darwin-x64@0.20.2",
          "@esbuild/freebsd-arm64": "@esbuild/freebsd-arm64@0.20.2",
          "@esbuild/freebsd-x64": "@esbuild/freebsd-x64@0.20.2",
          "@esbuild/linux-arm": "@esbuild/linux-arm@0.20.2",
          "@esbuild/linux-arm64": "@esbuild/linux-arm64@0.20.2",
          "@esbuild/linux-ia32": "@esbuild/linux-ia32@0.20.2",
          "@esbuild/linux-loong64": "@esbuild/linux-loong64@0.20.2",
          "@esbuild/linux-mips64el": "@esbuild/linux-mips64el@0.20.2",
          "@esbuild/linux-ppc64": "@esbuild/linux-ppc64@0.20.2",
          "@esbuild/linux-riscv64": "@esbuild/linux-riscv64@0.20.2",
          "@esbuild/linux-s390x": "@esbuild/linux-s390x@0.20.2",
          "@esbuild/linux-x64": "@esbuild/linux-x64@0.20.2",
          "@esbuild/netbsd-x64": "@esbuild/netbsd-x64@0.20.2",
          "@esbuild/openbsd-x64": "@esbuild/openbsd-x64@0.20.2",
          "@esbuild/sunos-x64": "@esbuild/sunos-x64@0.20.2",
          "@esbuild/win32-arm64": "@esbuild/win32-arm64@0.20.2",
          "@esbuild/win32-ia32": "@esbuild/win32-ia32@0.20.2",
          "@esbuild/win32-x64": "@esbuild/win32-x64@0.20.2"
        }
      },
      "escape-string-regexp@1.0.5": {
        "integrity": "sha512-vbRorB5FUQWvla16U8R/qgaFIya2qGzwDrNmCZuYKrbdSUMG6I1ZCGQRefkRVhuOkIGVne7BQ35DSfo1qvJqFg==",
        "dependencies": {}
      },
      "escape-string-regexp@4.0.0": {
        "integrity": "sha512-TtpcNJ3XAzx3Gq8sWRzJaVajRs0uVxA2YAkdb1jm2YkPz4G6egUFAyA3n5vtEIZefPk5Wa4UXbKuS5fKkJWdgA==",
        "dependencies": {}
      },
      "find-root@1.1.0": {
        "integrity": "sha512-NKfW6bec6GfKc0SGx1e07QZY9PE99u0Bft/0rzSD5k3sO/vwkVUpDUKVm5Gpp5Ue3YfShPFTX2070tDs5kB9Ng==",
        "dependencies": {}
      },
      "function-bind@1.1.2": {
        "integrity": "sha512-7XHNxH7qX9xG5mIwxkhumTox/MIRNcOgDrxWsMt2pAr23WHp6MrRlN7FBSFpCpr+oVO0F744iUgR82nJMfG2SA==",
        "dependencies": {}
      },
      "has-flag@3.0.0": {
        "integrity": "sha512-sKJf1+ceQBr4SMkvQnBDNDtf4TXpVhVGateu0t918bl30FnbE2m4vNLX+VWe/dpjlb+HugGYzW7uQXH98HPEYw==",
        "dependencies": {}
      },
      "hasown@2.0.2": {
        "integrity": "sha512-0hJU9SCPvmMzIBdZFqNPXWa6dqh7WdH0cII9y+CyS8rG3nL48Bclra9HmKhVVUHyPWNH5Y7xDwAB7bfgSjkUMQ==",
        "dependencies": {
          "function-bind": "function-bind@1.1.2"
        }
      },
      "import-fresh@3.3.0": {
        "integrity": "sha512-veYYhQa+D1QBKznvhUHxb8faxlrwUnxseDAbAp457E0wLNio2bOSKnjYDhMj+YiAq61xrMGhQk9iXVk5FzgQMw==",
        "dependencies": {
          "parent-module": "parent-module@1.0.1",
          "resolve-from": "resolve-from@4.0.0"
        }
      },
      "is-arrayish@0.2.1": {
        "integrity": "sha512-zz06S8t0ozoDXMG+ube26zeCTNXcKIPJZJi8hBrF4idCLms4CG9QtK7qBl1boi5ODzFpjswb5JPmHCbMpjaYzg==",
        "dependencies": {}
      },
      "is-core-module@2.13.1": {
        "integrity": "sha512-hHrIjvZsftOsvKSn2TRYl63zvxsgE0K+0mYMoH6gD4omR5IWB2KynivBQczo3+wF1cCkjzvptnI9Q0sPU66ilw==",
        "dependencies": {
          "hasown": "hasown@2.0.2"
        }
      },
      "js-tokens@4.0.0": {
        "integrity": "sha512-RdJUflcE3cUzKiMqQgsCu06FPu9UdIJO0beYbPhHN4k6apgJtifcoCtT9bcxOpYBtpD2kCM6Sbzg4CausW/PKQ==",
        "dependencies": {}
      },
      "json-parse-even-better-errors@2.3.1": {
        "integrity": "sha512-xyFwyhro/JEof6Ghe2iz2NcXoj2sloNsWr/XsERDK/oiPCfaNhl5ONfp+jQdAZRQQ0IJWNzH9zIZF7li91kh2w==",
        "dependencies": {}
      },
      "lines-and-columns@1.2.4": {
        "integrity": "sha512-7ylylesZQ/PV29jhEDl3Ufjo6ZX7gCqJr5F7PKrqc93v7fzSymt1BpwEU8nAUXs8qzzvqhbjhK5QZg6Mt/HkBg==",
        "dependencies": {}
      },
      "parent-module@1.0.1": {
        "integrity": "sha512-GQ2EWRpQV8/o+Aw8YqtfZZPfNRWZYkbidE9k5rpl/hC3vtHHBfGm2Ifi6qWV+coDGkrUKZAxE3Lot5kcsRlh+g==",
        "dependencies": {
          "callsites": "callsites@3.1.0"
        }
      },
      "parse-json@5.2.0": {
        "integrity": "sha512-ayCKvm/phCGxOkYRSCM82iDwct8/EonSEgCSxWxD7ve6jHggsFl4fZVQBPRNgQoKiuV/odhFrGzQXZwbifC8Rg==",
        "dependencies": {
          "@babel/code-frame": "@babel/code-frame@7.24.2",
          "error-ex": "error-ex@1.3.2",
          "json-parse-even-better-errors": "json-parse-even-better-errors@2.3.1",
          "lines-and-columns": "lines-and-columns@1.2.4"
        }
      },
      "path-parse@1.0.7": {
        "integrity": "sha512-LDJzPVEEEPR+y48z93A0Ed0yXb8pAByGWo/k5YYdYgpY2/2EsOsksJrq7lOHxryrVOn1ejG6oAp8ahvOIQD8sw==",
        "dependencies": {}
      },
      "path-type@4.0.0": {
        "integrity": "sha512-gDKb8aZMDeD/tZWs9P6+q0J9Mwkdl6xMV8TjnGP3qJVJ06bdMgkbBlLU8IdfOsIsFz2BW1rNVT3XuNEl8zPAvw==",
        "dependencies": {}
      },
      "picocolors@1.0.0": {
        "integrity": "sha512-1fygroTLlHu66zi26VoTDv8yRgm0Fccecssto+MhsZ0D/DGW2sm8E8AjW7NU5VVTRt5GxbeZ5qBuJr+HyLYkjQ==",
        "dependencies": {}
      },
      "regenerator-runtime@0.14.1": {
        "integrity": "sha512-dYnhHh0nJoMfnkZs6GmmhFknAGRrLznOu5nc9ML+EJxGvrx6H7teuevqVqCuPcPK//3eDrrjQhehXVx9cnkGdw==",
        "dependencies": {}
      },
      "resolve-from@4.0.0": {
        "integrity": "sha512-pb/MYmXstAkysRFx8piNI1tGFNQIFA3vkE3Gq4EuA1dF6gHp/+vgZqsCGJapvy8N3Q+4o7FwvquPJcnZ7RYy4g==",
        "dependencies": {}
      },
      "resolve@1.22.8": {
        "integrity": "sha512-oKWePCxqpd6FlLvGV1VU0x7bkPmmCNolxzjMf4NczoDnQcIWrAF+cPtZn5i6n+RfD2d9i0tzpKnG6Yk168yIyw==",
        "dependencies": {
          "is-core-module": "is-core-module@2.13.1",
          "path-parse": "path-parse@1.0.7",
          "supports-preserve-symlinks-flag": "supports-preserve-symlinks-flag@1.0.0"
        }
      },
      "source-map@0.5.7": {
        "integrity": "sha512-LbrmJOMUSdEVxIKvdcJzQC+nQhe8FUZQTXQy6+I75skNgn3OoQ0DZA8YnFa7gp8tqtL3KPf1kmo0R5DoApeSGQ==",
        "dependencies": {}
      },
      "stylis@4.2.0": {
        "integrity": "sha512-Orov6g6BB1sDfYgzWfTHDOxamtX1bE/zo104Dh9e6fqJ3PooipYyfJ0pUmrZO2wAvO8YbEyeFrkV91XTsGMSrw==",
        "dependencies": {}
      },
      "supports-color@5.5.0": {
        "integrity": "sha512-QjVjwdXIt408MIiAqCX4oUKsgU2EqAGzs2Ppkm4aQYbjm+ZEWEcW4SfFNTr4uMNZma0ey4f5lgLrkB0aX0QMow==",
        "dependencies": {
          "has-flag": "has-flag@3.0.0"
        }
      },
      "supports-preserve-symlinks-flag@1.0.0": {
        "integrity": "sha512-ot0WnXS9fgdkgIcePe6RHNk1WA8+muPa6cSjeR3V8K27q9BB1rTE3R1p7Hv0z1ZyAc8s6Vvv8DIyWf681MAt0w==",
        "dependencies": {}
      },
      "to-fast-properties@2.0.0": {
        "integrity": "sha512-/OaKK0xYrs3DmxRYqL/yDc+FxFUVYhDlXMhRmv3z915w2HF1tnN1omB354j8VUGO/hbRzyD6Y3sA7v7GS/ceog==",
        "dependencies": {}
      },
      "yaml@1.10.2": {
        "integrity": "sha512-r3vXyErRCYJ7wg28yvBY5VSoAF8ZvlcW9/BwUzEtUsjvX/DKs24dIkuwjtuprwJJHsbyUbLApepYTR1BN4uHrg==",
        "dependencies": {}
      }
    }
  },
  "redirects": {
    "https://esm.sh/@types/plotly.js": "https://esm.sh/v135/@types/plotly.js@2.29.2/index.d.ts",
    "https://esm.sh/v135/@types/lodash-es@~4.17/index.d.ts": "https://esm.sh/v135/@types/lodash-es@4.17.12/index.d.ts",
    "https://esm.sh/v135/@types/lodash@4.14.202/index": "https://esm.sh/v135/@types/lodash@4.14.202/index~.d.ts"
  },
  "remote": {
    "https://deno.land/std@0.207.0/assert/assert.ts": "9a97dad6d98c238938e7540736b826440ad8c1c1e54430ca4c4e623e585607ee",
    "https://deno.land/std@0.207.0/assert/assertion_error.ts": "4d0bde9b374dfbcbe8ac23f54f567b77024fb67dbb1906a852d67fe050d42f56",
    "https://deno.land/std@0.207.0/path/_common/assert_path.ts": "061e4d093d4ba5aebceb2c4da3318bfe3289e868570e9d3a8e327d91c2958946",
    "https://deno.land/std@0.207.0/path/_common/basename.ts": "0d978ff818f339cd3b1d09dc914881f4d15617432ae519c1b8fdc09ff8d3789a",
    "https://deno.land/std@0.207.0/path/_common/common.ts": "9e4233b2eeb50f8b2ae10ecc2108f58583aea6fd3e8907827020282dc2b76143",
    "https://deno.land/std@0.207.0/path/_common/constants.ts": "e49961f6f4f48039c0dfed3c3f93e963ca3d92791c9d478ac5b43183413136e0",
    "https://deno.land/std@0.207.0/path/_common/dirname.ts": "2ba7fb4cc9fafb0f38028f434179579ce61d4d9e51296fad22b701c3d3cd7397",
    "https://deno.land/std@0.207.0/path/_common/format.ts": "11aa62e316dfbf22c126917f5e03ea5fe2ee707386555a8f513d27ad5756cf96",
    "https://deno.land/std@0.207.0/path/_common/from_file_url.ts": "ef1bf3197d2efbf0297a2bdbf3a61d804b18f2bcce45548ae112313ec5be3c22",
    "https://deno.land/std@0.207.0/path/_common/glob_to_reg_exp.ts": "5c3c2b79fc2294ec803d102bd9855c451c150021f452046312819fbb6d4dc156",
    "https://deno.land/std@0.207.0/path/_common/normalize.ts": "2ba7fb4cc9fafb0f38028f434179579ce61d4d9e51296fad22b701c3d3cd7397",
    "https://deno.land/std@0.207.0/path/_common/normalize_string.ts": "88c472f28ae49525f9fe82de8c8816d93442d46a30d6bb5063b07ff8a89ff589",
    "https://deno.land/std@0.207.0/path/_common/relative.ts": "1af19d787a2a84b8c534cc487424fe101f614982ae4851382c978ab2216186b4",
    "https://deno.land/std@0.207.0/path/_common/strip_trailing_separators.ts": "7ffc7c287e97bdeeee31b155828686967f222cd73f9e5780bfe7dfb1b58c6c65",
    "https://deno.land/std@0.207.0/path/_common/to_file_url.ts": "a8cdd1633bc9175b7eebd3613266d7c0b6ae0fb0cff24120b6092ac31662f9ae",
    "https://deno.land/std@0.207.0/path/_interface.ts": "6471159dfbbc357e03882c2266d21ef9afdb1e4aa771b0545e90db58a0ba314b",
    "https://deno.land/std@0.207.0/path/_os.ts": "30b0c2875f360c9296dbe6b7f2d528f0f9c741cecad2e97f803f5219e91b40a2",
    "https://deno.land/std@0.207.0/path/basename.ts": "04bb5ef3e86bba8a35603b8f3b69537112cdd19ce64b77f2522006da2977a5f3",
    "https://deno.land/std@0.207.0/path/common.ts": "f4d061c7d0b95a65c2a1a52439edec393e906b40f1caf4604c389fae7caa80f5",
    "https://deno.land/std@0.207.0/path/dirname.ts": "88a0a71c21debafc4da7a4cd44fd32e899462df458fbca152390887d41c40361",
    "https://deno.land/std@0.207.0/path/extname.ts": "2da4e2490f3b48b7121d19fb4c91681a5e11bd6bd99df4f6f47d7a71bb6ecdf2",
    "https://deno.land/std@0.207.0/path/format.ts": "3457530cc85d1b4bab175f9ae73998b34fd456c830d01883169af0681b8894fb",
    "https://deno.land/std@0.207.0/path/from_file_url.ts": "e7fa233ea1dff9641e8d566153a24d95010110185a6f418dd2e32320926043f8",
    "https://deno.land/std@0.207.0/path/glob_to_regexp.ts": "74d7448c471e293d03f05ccb968df4365fed6aaa508506b6325a8efdc01d8271",
    "https://deno.land/std@0.207.0/path/is_absolute.ts": "67232b41b860571c5b7537f4954c88d86ae2ba45e883ee37d3dec27b74909d13",
    "https://deno.land/std@0.207.0/path/is_glob.ts": "567dce5c6656bdedfc6b3ee6c0833e1e4db2b8dff6e62148e94a917f289c06ad",
    "https://deno.land/std@0.207.0/path/join.ts": "98d3d76c819af4a11a81d5ba2dbb319f1ce9d63fc2b615597d4bcfddd4a89a09",
    "https://deno.land/std@0.207.0/path/join_globs.ts": "9b84d5103b63d3dbed4b2cf8b12477b2ad415c7d343f1488505162dc0e5f4db8",
    "https://deno.land/std@0.207.0/path/mod.ts": "3defabebc98279e62b392fee7a6937adc932a8f4dcd2471441e36c15b97b00e0",
    "https://deno.land/std@0.207.0/path/normalize.ts": "aa95be9a92c7bd4f9dc0ba51e942a1973e2b93d266cd74f5ca751c136d520b66",
    "https://deno.land/std@0.207.0/path/normalize_glob.ts": "674baa82e1c00b6cb153bbca36e06f8e0337cb8062db6d905ab5de16076ca46b",
    "https://deno.land/std@0.207.0/path/parse.ts": "d87ff0deef3fb495bc0d862278ff96da5a06acf0625ca27769fc52ac0d3d6ece",
    "https://deno.land/std@0.207.0/path/posix/_util.ts": "ecf49560fedd7dd376c6156cc5565cad97c1abe9824f4417adebc7acc36c93e5",
    "https://deno.land/std@0.207.0/path/posix/basename.ts": "a630aeb8fd8e27356b1823b9dedd505e30085015407caa3396332752f6b8406a",
    "https://deno.land/std@0.207.0/path/posix/common.ts": "e781d395dc76f6282e3f7dd8de13194abb8b04a82d109593141abc6e95755c8b",
    "https://deno.land/std@0.207.0/path/posix/dirname.ts": "f48c9c42cc670803b505478b7ef162c7cfa9d8e751b59d278b2ec59470531472",
    "https://deno.land/std@0.207.0/path/posix/extname.ts": "ee7f6571a9c0a37f9218fbf510c440d1685a7c13082c348d701396cc795e0be0",
    "https://deno.land/std@0.207.0/path/posix/format.ts": "b94876f77e61bfe1f147d5ccb46a920636cd3cef8be43df330f0052b03875968",
    "https://deno.land/std@0.207.0/path/posix/from_file_url.ts": "b97287a83e6407ac27bdf3ab621db3fccbf1c27df0a1b1f20e1e1b5acf38a379",
    "https://deno.land/std@0.207.0/path/posix/glob_to_regexp.ts": "6ed00c71fbfe0ccc35977c35444f94e82200b721905a60bd1278b1b768d68b1a",
    "https://deno.land/std@0.207.0/path/posix/is_absolute.ts": "159900a3422d11069d48395568217eb7fc105ceda2683d03d9b7c0f0769e01b8",
    "https://deno.land/std@0.207.0/path/posix/is_glob.ts": "ec4fbc604b9db8487f7b56ab0e759b24a971ab6a45f7b0b698bc39b8b9f9680f",
    "https://deno.land/std@0.207.0/path/posix/join.ts": "0c0d84bdc344876930126640011ec1b888e6facf74153ffad9ef26813aa2a076",
    "https://deno.land/std@0.207.0/path/posix/join_globs.ts": "f4838d54b1f60a34a40625a3293f6e583135348be1b2974341ac04743cb26121",
    "https://deno.land/std@0.207.0/path/posix/mod.ts": "f1b08a7f64294b7de87fc37190d63b6ce5b02889af9290c9703afe01951360ae",
    "https://deno.land/std@0.207.0/path/posix/normalize.ts": "11de90a94ab7148cc46e5a288f7d732aade1d616bc8c862f5560fa18ff987b4b",
    "https://deno.land/std@0.207.0/path/posix/normalize_glob.ts": "10a1840c628ebbab679254d5fa1c20e59106102354fb648a1765aed72eb9f3f9",
    "https://deno.land/std@0.207.0/path/posix/parse.ts": "199208f373dd93a792e9c585352bfc73a6293411bed6da6d3bc4f4ef90b04c8e",
    "https://deno.land/std@0.207.0/path/posix/relative.ts": "e2f230608b0f083e6deaa06e063943e5accb3320c28aef8d87528fbb7fe6504c",
    "https://deno.land/std@0.207.0/path/posix/resolve.ts": "51579d83159d5c719518c9ae50812a63959bbcb7561d79acbdb2c3682236e285",
    "https://deno.land/std@0.207.0/path/posix/separator.ts": "0b6573b5f3269a3164d8edc9cefc33a02dd51003731c561008c8bb60220ebac1",
    "https://deno.land/std@0.207.0/path/posix/to_file_url.ts": "08d43ea839ee75e9b8b1538376cfe95911070a655cd312bc9a00f88ef14967b6",
    "https://deno.land/std@0.207.0/path/posix/to_namespaced_path.ts": "c9228a0e74fd37e76622cd7b142b8416663a9b87db643302fa0926b5a5c83bdc",
    "https://deno.land/std@0.207.0/path/relative.ts": "23d45ede8b7ac464a8299663a43488aad6b561414e7cbbe4790775590db6349c",
    "https://deno.land/std@0.207.0/path/resolve.ts": "5b184efc87155a0af9fa305ff68a109e28de9aee81fc3e77cd01380f19daf867",
    "https://deno.land/std@0.207.0/path/separator.ts": "40a3e9a4ad10bef23bc2cd6c610291b6c502a06237c2c4cd034a15ca78dedc1f",
    "https://deno.land/std@0.207.0/path/to_file_url.ts": "edaafa089e0bce386e1b2d47afe7c72e379ff93b28a5829a5885e4b6c626d864",
    "https://deno.land/std@0.207.0/path/to_namespaced_path.ts": "cf8734848aac3c7527d1689d2adf82132b1618eff3cc523a775068847416b22a",
    "https://deno.land/std@0.207.0/path/windows/_util.ts": "f32b9444554c8863b9b4814025c700492a2b57ff2369d015360970a1b1099d54",
    "https://deno.land/std@0.207.0/path/windows/basename.ts": "8a9dbf7353d50afbc5b221af36c02a72c2d1b2b5b9f7c65bf6a5a2a0baf88ad3",
    "https://deno.land/std@0.207.0/path/windows/common.ts": "e781d395dc76f6282e3f7dd8de13194abb8b04a82d109593141abc6e95755c8b",
    "https://deno.land/std@0.207.0/path/windows/dirname.ts": "5c2aa541384bf0bd9aca821275d2a8690e8238fa846198ef5c7515ce31a01a94",
    "https://deno.land/std@0.207.0/path/windows/extname.ts": "07f4fa1b40d06a827446b3e3bcc8d619c5546b079b8ed0c77040bbef716c7614",
    "https://deno.land/std@0.207.0/path/windows/format.ts": "343019130d78f172a5c49fdc7e64686a7faf41553268961e7b6c92a6d6548edf",
    "https://deno.land/std@0.207.0/path/windows/from_file_url.ts": "d53335c12b0725893d768be3ac6bf0112cc5b639d2deb0171b35988493b46199",
    "https://deno.land/std@0.207.0/path/windows/glob_to_regexp.ts": "290755e18ec6c1a4f4d711c3390537358e8e3179581e66261a0cf348b1a13395",
    "https://deno.land/std@0.207.0/path/windows/is_absolute.ts": "245b56b5f355ede8664bd7f080c910a97e2169972d23075554ae14d73722c53c",
    "https://deno.land/std@0.207.0/path/windows/is_glob.ts": "ec4fbc604b9db8487f7b56ab0e759b24a971ab6a45f7b0b698bc39b8b9f9680f",
    "https://deno.land/std@0.207.0/path/windows/join.ts": "e6600bf88edeeef4e2276e155b8de1d5dec0435fd526ba2dc4d37986b2882f16",
    "https://deno.land/std@0.207.0/path/windows/join_globs.ts": "f4838d54b1f60a34a40625a3293f6e583135348be1b2974341ac04743cb26121",
    "https://deno.land/std@0.207.0/path/windows/mod.ts": "d7040f461465c2c21c1c68fc988ef0bdddd499912138cde3abf6ad60c7fb3814",
    "https://deno.land/std@0.207.0/path/windows/normalize.ts": "9deebbf40c81ef540b7b945d4ccd7a6a2c5a5992f791e6d3377043031e164e69",
    "https://deno.land/std@0.207.0/path/windows/normalize_glob.ts": "344ff5ed45430495b9a3d695567291e50e00b1b3b04ea56712a2acf07ab5c128",
    "https://deno.land/std@0.207.0/path/windows/parse.ts": "120faf778fe1f22056f33ded069b68e12447668fcfa19540c0129561428d3ae5",
    "https://deno.land/std@0.207.0/path/windows/relative.ts": "026855cd2c36c8f28f1df3c6fbd8f2449a2aa21f48797a74700c5d872b86d649",
    "https://deno.land/std@0.207.0/path/windows/resolve.ts": "5ff441ab18a2346abadf778121128ee71bda4d0898513d4639a6ca04edca366b",
    "https://deno.land/std@0.207.0/path/windows/separator.ts": "ae21f27015f10510ed1ac4a0ba9c4c9c967cbdd9d9e776a3e4967553c397bd5d",
    "https://deno.land/std@0.207.0/path/windows/to_file_url.ts": "8e9ea9e1ff364aa06fa72999204229952d0a279dbb876b7b838b2b2fea55cce3",
    "https://deno.land/std@0.207.0/path/windows/to_namespaced_path.ts": "e0f4d4a5e77f28a5708c1a33ff24360f35637ba6d8f103d19661255ef7bfd50d",
    "https://esm.sh/@emotion/css@11.11.2": "864e545ec51febc099b7ce1e2915ace0fad12ee646b587daf13a23d291ea7059",
    "https://esm.sh/gh/observablehq/stdlib@v5.8.6/src/html.js": "680949c848e5127b5437649159f16c2fb4fcbbd124bc727f059932772a7bac97",
    "https://esm.sh/interactjs@1.10.26": "3b379d36d5893e6b157e17d874081e22582dda06859eba240d90c97f2c4c8d16",
    "https://esm.sh/lodash-es@4.17.21": "460848e64379750386465df2bfcbe530dc5be584cabb39816e0dec105e5f9af2",
    "https://esm.sh/v135/@emotion/cache@11.11.0/denonext/cache.mjs": "c70caee77d4c78bd364bdac8cf8dd7fc7ba997757d9a4025c3e637c1ccdacf9e",
    "https://esm.sh/v135/@emotion/css@11.11.2/denonext/create-instance.js": "c740e25eaa362210926807bf5bbe3b795b2e8af0f01ddb2273a618ee01e8572c",
    "https://esm.sh/v135/@emotion/css@11.11.2/denonext/css.mjs": "c0ae1f961a61f03ad5f24eb4b3b0b135b07ac7b77549e7ad8129004dc374854e",
    "https://esm.sh/v135/@emotion/hash@0.9.1/denonext/hash.mjs": "053b2641767105d296dd83499c10299221f68e4e09d2394bdd53db0080a7ce7d",
    "https://esm.sh/v135/@emotion/memoize@0.8.1/denonext/memoize.mjs": "e40cb7a1d1dabc5a5873911b1f3551571e85b9401028540fea356a671a4d7e4f",
    "https://esm.sh/v135/@emotion/serialize@1.1.2/denonext/serialize.mjs": "bf052ec1336c2295475a87a9dbc607788dd8d30e6e4cf10dc778a481f9c2631f",
    "https://esm.sh/v135/@emotion/serialize@1.1.3/denonext/serialize.mjs": "d15566b7ff44b49eb6158589a2325d92c2afb9ac69e906f3a65b820d48da99d7",
    "https://esm.sh/v135/@emotion/sheet@1.2.2/denonext/sheet.mjs": "51feebbf9422e8a55b99d9b9d7424cfe17d8d60a9a5a19e996aa745686f3a805",
    "https://esm.sh/v135/@emotion/unitless@0.8.1/denonext/unitless.mjs": "8a91ddf8c10553143e87b383d23d9334637f36cccb930d7d65990f8002a6c091",
    "https://esm.sh/v135/@emotion/utils@1.2.1/denonext/utils.mjs": "5f6e36b10f6dd17b64c30a1b49079d5d024cff498e7900e6468b8ee93342004c",
    "https://esm.sh/v135/@emotion/weak-memoize@0.3.1/denonext/weak-memoize.mjs": "05e059e6f679168e597ee6b0dace8503031f54678460fc5f366025f40199e18e",
    "https://esm.sh/v135/gh/observablehq/stdlib@v5.8.6/denonext/src/html.js": "5389cb3fa08f0e1488d9bdcbe9aef3b7f919b166d60a1b04ed53da43516cc002",
    "https://esm.sh/v135/interactjs@1.10.26/denonext/interactjs.mjs": "8aab44525c4b52a1180ba2647f8faa25ea48e05832e0671ed4dab33364cd7193",
    "https://esm.sh/v135/lodash-es@4.17.21/denonext/lodash-es.mjs": "ca6d37e6a1271d1bd8920da5ff11f7d05465f5d7961d5d09b44db331838981d7",
    "https://esm.sh/v135/stylis@4.2.0/denonext/stylis.mjs": "67596d0aad811e2c7c088875c652feff18b3fe1091df1892c4df71bc090a4f10"
  },
  "workspace": {
    "dependencies": [
      "npm:@emotion/css@11.11.2"
    ]
  }
}
